{
 "graph_lock": {
  "nodes": {
   "0": {
    "ref": "homestore/3.8.5",
    "requires": [
     "1",
     "2",
     "3",
     "58",
     "14",
     "59",
     "42",
     "52"
    ],
    "build_requires": [
     "60",
     "61"
    ],
    "path": "../conanfile.py",
    "context": "host"
   },
   "1": {
    "ref": "iomgr/8.8.3#9cd282f0ad3e7de5ea0df00e571dd04c",
    "requires": [
     "2",
     "3",
     "14",
     "29",
     "49",
     "50",
     "42",
     "20",
     "52",
     "55"
    ],
    "context": "host"
   },
   "2": {
    "ref": "sisl/8.9.5#f669040261263a9d90389557591040b1",
    "requires": [
     "3",
     "7",
     "9",
     "12",
     "13",
     "14",
     "29",
     "40",
     "42",
     "43",
     "45",
     "46",
     "47",
     "48"
    ],
    "context": "host"
   },
   "3": {
    "ref": "boost/1.79.0#283b198b9b703606ea427e6ff2fb0497",
    "requires": [
     "4",
     "5",
     "6"
    ],
    "context": "host"
   },
   "4": {
    "ref": "zlib/1.2.12#a30750797caa71bd61bd0a18189caa28",
    "context": "host"
   },
   "5": {
    "ref": "bzip2/1.0.8#411fc05e80d47a89045edc1ee6f23c1d",
    "context": "host"
   },
   "6": {
    "ref": "libbacktrace/cci.20210118#ec1aa63bbc10145c6a299e68e711670c",
    "context": "host"
   },
   "7": {
    "ref": "breakpad/cci.20230127#99a8db30d8d75aaca4666c9f5b670091",
    "requires": [
     "8",
     "4"
    ],
    "context": "host"
   },
   "8": {
    "ref": "linux-syscall-support/cci.20200813#4e95f73eab4bf77fac7440a7636af29c",
    "context": "host"
   },
   "9": {
    "ref": "cpr/1.8.1#5639bc37e23448e21da415ff5e10bf4c",
    "requires": [
     "10"
    ],
    "context": "host"
   },
   "10": {
    "ref": "libcurl/8.4.0#df6973fc0598ca6ea6a6c2617ca8b3a4",
    "requires": [
     "11",
     "4"
    ],
    "context": "host"
   },
   "11": {
    "ref": "openssl/3.6.0#89e8af1d4a21afcac0557079d23d8890",
    "requires": [
     "4"
    ],
    "context": "host"
   },
   "12": {
    "ref": "cxxopts/2.2.1#6aadb4ef14f5468d81f55c1b8ef08515",
    "context": "host"
   },
   "13": {
    "ref": "flatbuffers/1.12.0#1954452095ae3df0cf5cb6aee2e6a08a",
    "context": "host"
   },
   "14": {
    "ref": "folly/2022.01.31.00#d111b94b52fbcdaaf5ff1022fce4b90a",
    "requires": [
     "3",
     "5",
     "15",
     "16",
     "17",
     "20",
     "11",
     "21",
     "22",
     "4",
     "23",
     "24",
     "26",
     "19",
     "27",
     "18",
     "28"
    ],
    "context": "host"
   },
   "15": {
    "ref": "double-conversion/3.2.0#dba4f6ac0cfbfb3ab6f0b6bd4130af55",
    "context": "host"
   },
   "16": {
    "ref": "gflags/2.2.2#48d1262ffac8d30c3224befb8275a533",
    "context": "host"
   },
   "17": {
    "ref": "glog/0.4.0#a29433b56d9fd9b3512d98e1c008e19e",
    "requires": [
     "16",
     "18"
    ],
    "context": "host"
   },
   "18": {
    "ref": "libunwind/1.5.0#176676cfb96f946f164f8def0a7d7f73",
    "requires": [
     "19",
     "4"
    ],
    "context": "host"
   },
   "19": {
    "ref": "xz_utils/5.2.5#774a53815bc66047a56ef8470a144a91",
    "context": "host"
   },
   "20": {
    "ref": "libevent/2.1.12#b6333a128075d75a3614bd8418bf2099",
    "requires": [
     "11"
    ],
    "context": "host"
   },
   "21": {
    "ref": "lz4/1.9.4#432ec925e1af7d6e9aa35173c6504dc7",
    "context": "host"
   },
   "22": {
    "ref": "snappy/1.1.9#5bcaf46bc878b6403844d1be7b674aa2",
    "context": "host"
   },
   "23": {
    "ref": "zstd/1.5.4#f99faced225850c78c82933ea7eaf70d",
    "context": "host"
   },
   "24": {
    "ref": "libdwarf/20191104#eae5fa1cb378f3b24919a0cd3d4baa23",
    "requires": [
     "25",
     "4"
    ],
    "context": "host"
   },
   "25": {
    "ref": "libelf/0.8.13#c51dff906f36bdd55dc84ef9bb5de13e",
    "context": "host"
   },
   "26": {
    "ref": "libsodium/1.0.18#9e310e52ed60084484c5f640ab88883a",
    "context": "host"
   },
   "27": {
    "ref": "libiberty/9.1.0#a6a0b042484db9cefa233a8aa31a33c5",
    "context": "host"
   },
   "28": {
    "ref": "fmt/8.1.1#ab188d4aa4b83cc5e134826152d5effc",
    "context": "host"
   },
   "29": {
    "ref": "grpc/1.54.3#e9358924c64c0e65dbdb1aeb940379cf",
    "requires": [
     "30",
     "31",
     "11",
     "32",
     "33",
     "4",
     "34"
    ],
    "context": "host"
   },
   "30": {
    "ref": "abseil/20230125.3#2cb3c46bf2e05dd873e865ec9b16c60e",
    "context": "host"
   },
   "31": {
    "ref": "c-ares/1.19.1#420a0b77e370f4b96bee88ef91837ccc",
    "context": "host"
   },
   "32": {
    "ref": "protobuf/3.21.12#bc8a9a4aba4080d1e204a6fc7cac3a11",
    "requires": [
     "4"
    ],
    "context": "host"
   },
   "33": {
    "ref": "re2/20230301#56bcddd1eaca2b093fd34525ae40ee9b",
    "context": "host"
   },
   "34": {
    "ref": "libsystemd/255#d3a3835b89a7c12a4003cdd29e9cf0fb",
    "requires": [
     "35",
     "36",
     "37",
     "38",
     "21",
     "19",
     "23"
    ],
    "context": "host"
   },
   "35": {
    "ref": "libcap/2.69#c076309153f498b6c881da151d119373",
    "context": "host"
   },
   "36": {
    "ref": "libmount/2.39.2#4cb87ec88b1c5aa767cd53114f4d6c61",
    "context": "host"
   },
   "37": {
    "ref": "libxcrypt/4.4.36#8c550334855cb025189eac5ac764db1e",
    "context": "host"
   },
   "38": {
    "ref": "libselinux/3.5#cbb5e80fab6b8c6b372d1c56a62d1403",
    "requires": [
     "39"
    ],
    "context": "host"
   },
   "39": {
    "ref": "pcre2/10.42#9a35f5089feb875ec61a38eca364ce77",
    "requires": [
     "4",
     "5"
    ],
    "context": "host"
   },
   "40": {
    "ref": "jwt-cpp/0.4.0#0",
    "requires": [
     "41",
     "11"
    ],
    "context": "host"
   },
   "41": {
    "ref": "picojson/1.3.0#0",
    "context": "host"
   },
   "42": {
    "ref": "nlohmann_json/3.12.0#2d634ab0ec8d9f56353e5ccef6d6612c",
    "context": "host"
   },
   "43": {
    "ref": "prometheus-cpp/1.0.1#9052352464a02b02677df494dd7d163b",
    "requires": [
     "44",
     "10",
     "4"
    ],
    "context": "host"
   },
   "44": {
    "ref": "civetweb/1.15#7c07f24b37140c81b3d76eba27ff7d03",
    "requires": [
     "11"
    ],
    "context": "host"
   },
   "45": {
    "ref": "spdlog/1.11.0#fb883dbd79d16b2ff86d905a16dbbdcf",
    "requires": [
     "28"
    ],
    "context": "host"
   },
   "46": {
    "ref": "userspace-rcu/0.11.4#1937372de309e67dd22f22188a512250",
    "context": "host"
   },
   "47": {
    "ref": "zmarok-semver/1.1.0#8fa36df9e7cc11eccb0de3e5d7b401f7",
    "context": "host"
   },
   "48": {
    "ref": "gperftools/2.7.0#bf8603689333440869c2be0fb20633c0",
    "requires": [
     "19"
    ],
    "context": "host"
   },
   "49": {
    "ref": "grpc_internal/1.48.0#9a54b0fc43a0425bcf1d8ccefc43baff",
    "context": "host"
   },
   "50": {
    "ref": "liburing/2.1#45c955ff3075cad53bccd76c97324a3a",
    "requires": [
     "51"
    ],
    "context": "host"
   },
   "51": {
    "ref": "linux-headers-generic/5.13.9#dc43c8523f14ac0e62f9a9bfc913dcc1",
    "context": "host"
   },
   "52": {
    "ref": "spdk/nbi.21.07.y#7d98adeeac6fda3f8ac32407e2cc260b",
    "requires": [
     "53",
     "50",
     "11",
     "54"
    ],
    "context": "host"
   },
   "53": {
    "ref": "dpdk/nbi.21.05#ded913c027305760024f739a03499297",
    "context": "host"
   },
   "54": {
    "ref": "fio/nbi.3.28#b1b06f04ad2ed3582552068556738c6d",
    "context": "host"
   },
   "55": {
    "ref": "pistache/nbi.0.0.5.1#4df0203beb68dada3f63f5c5214de7f1",
    "requires": [
     "56",
     "11",
     "57"
    ],
    "context": "host"
   },
   "56": {
    "ref": "rapidjson/cci.20230929#624c0094d741e6a3749d2e44d834b96c",
    "context": "host"
   },
   "57": {
    "ref": "date/3.0.1#7f0bcc583362d49594f71f69226c0e54",
    "requires": [
     "10"
    ],
    "context": "host"
   },
   "58": {
    "ref": "farmhash/cci.20190513#60980ffb85c63bbba6514c209f2ee1b8",
    "context": "host"
   },
   "59": {
    "ref": "isa-l/2.30.0#ec91ca050bb082ece0a109f729718a96",
    "context": "host"
   },
   "60": {
    "ref": "benchmark/1.8.2#26de6f52d811f389015987a2ab5b5c62",
    "context": "host"
   },
   "61": {
    "ref": "gtest/1.15.0#f9548be18a41ccc6367efcb8146e92be",
    "context": "host"
   }
  },
  "revisions_enabled": true
 },
 "version": "0.4"
}